
Microsoft Visual Studio Solution File, Format Version 12.00
# Visual Studio 15
VisualStudioVersion = 15.0.28307.168
MinimumVisualStudioVersion = 10.0.40219.1
Project("{9A19103F-16F7-4668-BE54-9A1E7A4F7556}") = "Collections", "Collections\Collections.csproj", "{4FA1E718-9FD7-455C-8B1E-EA9B5A24BAD2}"
EndProject
Project("{FAE04EC0-301F-11D3-BF4B-00C04F79EFBC}") = "CollectionsTests", "CollectionsTests\CollectionsTests.csproj", "{D271F96E-57D2-4041-BF37-28DC6642A409}"
EndProject
Global
	GlobalSection(SolutionConfigurationPlatforms) = preSolution
		Debug|Any CPU = Debug|Any CPU
		Release|Any CPU = Release|Any CPU
	EndGlobalSection
	GlobalSection(ProjectConfigurationPlatforms) = postSolution
		{4FA1E718-9FD7-455C-8B1E-EA9B5A24BAD2}.Debug|Any CPU.ActiveCfg = Debug|Any CPU
		{4FA1E718-9FD7-455C-8B1E-EA9B5A24BAD2}.Debug|Any CPU.Build.0 = Debug|Any CPU
		{4FA1E718-9FD7-455C-8B1E-EA9B5A24BAD2}.Release|Any CPU.ActiveCfg = Release|Any CPU
		{4FA1E718-9FD7-455C-8B1E-EA9B5A24BAD2}.Release|Any CPU.Build.0 = Release|Any CPU
		{D271F96E-57D2-4041-BF37-28DC6642A409}.Debug|Any CPU.ActiveCfg = Debug|Any CPU
		{D271F96E-57D2-4041-BF37-28DC6642A409}.Debug|Any CPU.Build.0 = Debug|Any CPU
		{D271F96E-57D2-4041-BF37-28DC6642A409}.Release|Any CPU.ActiveCfg = Release|Any CPU
		{D271F96E-57D2-4041-BF37-28DC6642A409}.Release|Any CPU.Build.0 = Release|Any CPU
	EndGlobalSection
	GlobalSection(SolutionProperties) = preSolution
		HideSolutionNode = FALSE
	EndGlobalSection
	GlobalSection(ExtensibilityGlobals) = postSolution
		SolutionGuid = {DE021B8D-E53B-43E1-A5B3-6CD04074987F}
	EndGlobalSection
EndGlobal
